// !$*UTF8*$!
{
	archiveVersion = 1;
	classes = {
	};
	objectVersion = 50;
	objects = {

/* Begin PBXBuildFile section */
		9FFA70E02339F3460033589C /* AppDelegate.swift in Sources */ = {isa = PBXBuildFile; fileRef = 9FFA70DF2339F3460033589C /* AppDelegate.swift */; };
		9FFA70E22339F3460033589C /* SceneDelegate.swift in Sources */ = {isa = PBXBuildFile; fileRef = 9FFA70E12339F3460033589C /* SceneDelegate.swift */; };
		9FFA70E42339F3460033589C /* ContentView.swift in Sources */ = {isa = PBXBuildFile; fileRef = 9FFA70E32339F3460033589C /* ContentView.swift */; };
		9FFA70E62339F3480033589C /* Assets.xcassets in Resources */ = {isa = PBXBuildFile; fileRef = 9FFA70E52339F3480033589C /* Assets.xcassets */; };
		9FFA70E92339F3480033589C /* Preview Assets.xcassets in Resources */ = {isa = PBXBuildFile; fileRef = 9FFA70E82339F3480033589C /* Preview Assets.xcassets */; };
		9FFA70EC2339F3480033589C /* LaunchScreen.storyboard in Resources */ = {isa = PBXBuildFile; fileRef = 9FFA70EA2339F3480033589C /* LaunchScreen.storyboard */; };
/* End PBXBuildFile section */

/* Begin PBXFileReference section */
		9FFA70DC2339F3460033589C /* SwiftUiDemo.app */ = {isa = PBXFileReference; explicitFileType = wrapper.application; includeInIndex = 0; path = SwiftUiDemo.app; sourceTree = BUILT_PRODUCTS_DIR; };
		9FFA70DF2339F3460033589C /* AppDelegate.swift */ = {isa = PBXFileReference; lastKnownFileType = sourcecode.swift; path = AppDelegate.swift; sourceTree = "<group>"; };
		9FFA70E12339F3460033589C /* SceneDelegate.swift */ = {isa = PBXFileReference; lastKnownFileType = sourcecode.swift; path = SceneDelegate.swift; sourceTree = "<group>"; };
		9FFA70E32339F3460033589C /* ContentView.swift */ = {isa = PBXFileReference; lastKnownFileType = sourcecode.swift; path = ContentView.swift; sourceTree = "<group>"; };
		9FFA70E52339F3480033589C /* Assets.xcassets */ = {isa = PBXFileReference; lastKnownFileType = folder.assetcatalog; path = Assets.xcassets; sourceTree = "<group>"; };
		9FFA70E82339F3480033589C /* Preview Assets.xcassets */ = {isa = PBXFileReference; lastKnownFileType = folder.assetcatalog; path = "Preview Assets.xcassets"; sourceTree = "<group>"; };
		9FFA70EB2339F3480033589C /* Base */ = {isa = PBXFileReference; lastKnownFileType = file.storyboard; name = Base; path = Base.lproj/LaunchScreen.storyboard; sourceTree = "<group>"; };
		9FFA70ED2339F3480033589C /* Info.plist */ = {isa = PBXFileReference; lastKnownFileType = text.plist.xml; path = Info.plist; sourceTree = "<group>"; };
/* End PBXFileReference section */

/* Begin PBXFrameworksBuildPhase section */
		9FFA70D92339F3460033589C /* Frameworks */ = {
			isa = PBXFrameworksBuildPhase;
			buildActionMask = 2147483647;
			files = (
			);
			runOnlyForDeploymentPostprocessing = 0;
		};
/* End PBXFrameworksBuildPhase section */

/* Begin PBXGroup section */
		9FFA70D32339F3460033589C = {
			isa = PBXGroup;
			children = (
				9FFA70DE2339F3460033589C /* SwiftUiDemo */,
				9FFA70DD2339F3460033589C /* Products */,
			);
			sourceTree = "<group>";
		};
		9FFA70DD2339F3460033589C /* Products */ = {
			isa = PBXGroup;
			children = (
				9FFA70DC2339F3460033589C /* SwiftUiDemo.app */,
			);
			name = Products;
			sourceTree = "<group>";
		};
		9FFA70DE2339F3460033589C /* SwiftUiDemo */ = {
			isa = PBXGroup;
			children = (
				9FFA70DF2339F3460033589C /* AppDelegate.swift */,
				9FFA70E12339F3460033589C /* SceneDelegate.swift */,
				9FFA70E32339F3460033589C /* ContentView.swift */,
				9FFA70E52339F3480033589C /* Assets.xcassets */,
				9FFA70EA2339F3480033589C /* LaunchScreen.storyboard */,
				9FFA70ED2339F3480033589C /* Info.plist */,
				9FFA70E72339F3480033589C /* Preview Content */,
			);
			path = SwiftUiDemo;
			sourceTree = "<group>";
		};
		9FFA70E72339F3480033589C /* Preview Content */ = {
			isa = PBXGroup;
			children = (
				9FFA70E82339F3480033589C /* Preview Assets.xcassets */,
			);
			path = "Preview Content";
			sourceTree = "<group>";
		};
/* End PBXGroup section */

/* Begin PBXNativeTarget section */
		9FFA70DB2339F3460033589C /* SwiftUiDemo */ = {
			isa = PBXNativeTarget;
			buildConfigurationList = 9FFA70F02339F3480033589C /* Build configuration list for PBXNativeTarget "SwiftUiDemo" */;
			buildPhases = (
				9FFA70D82339F3460033589C /* Sources */,
				9FFA70D92339F3460033589C /* Frameworks */,
				9FFA70DA2339F3460033589C /* Resources */,
			);
			buildRules = (
			);
			dependencies = (
			);
			name = SwiftUiDemo;
			productName = SwiftUiDemo;
			productReference = 9FFA70DC2339F3460033589C /* SwiftUiDemo.app */;
			productType = "com.apple.product-type.application";
		};
/* End PBXNativeTarget section */

/* Begin PBXProject section */
		9FFA70D42339F3460033589C /* Project object */ = {
			isa = PBXProject;
			attributes = {
				LastSwiftUpdateCheck = 1100;
				LastUpgradeCheck = 1100;
				ORGANIZATIONNAME = "Irshadali Palsaniya";
				TargetAttributes = {
					9FFA70DB2339F3460033589C = {
						CreatedOnToolsVersion = 11.0;
					};
				};
			};
			buildConfigurationList = 9FFA70D72339F3460033589C /* Build configuration list for PBXProject "SwiftUiDemo" */;
			compatibilityVersion = "Xcode 9.3";
			developmentRegion = en;
			hasScannedForEncodings = 0;
			knownRegions = (
				en,
				Base,
			);
			mainGroup = 9FFA70D32339F3460033589C;
			productRefGroup = 9FFA70DD2339F3460033589C /* Products */;
			projectDirPath = "";
			projectRoot = "";
			targets = (
				9FFA70DB2339F3460033589C /* SwiftUiDemo */,
			);
		};
/* End PBXProject section */

/* Begin PBXResourcesBuildPhase section */
		9FFA70DA2339F3460033589C /* Resources */ = {
			isa = PBXResourcesBuildPhase;
			buildActionMask = 2147483647;
			files = (
				9FFA70EC2339F3480033589C /* LaunchScreen.storyboard in Resources */,
				9FFA70E92339F3480033589C /* Preview Assets.xcassets in Resources */,
				9FFA70E62339F3480033589C /* Assets.xcassets in Resources */,
			);
			runOnlyForDeploymentPostprocessing = 0;
		};
/* End PBXResourcesBuildPhase section */

/* Begin PBXSourcesBuildPhase section */
		9FFA70D82339F3460033589C /* Sources */ = {
			isa = PBXSourcesBuildPhase;
			buildActionMask = 2147483647;
			files = (
				9FFA70E02339F3460033589C /* AppDelegate.swift in Sources */,
				9FFA70E22339F3460033589C /* SceneDelegate.swift in Sources */,
				9FFA70E42339F3460033589C /* ContentView.swift in Sources */,
			);
			runOnlyForDeploymentPostprocessing = 0;
		};
/* End PBXSourcesBuildPhase section */

/* Begin PBXVariantGroup section */
		9FFA70EA2339F3480033589C /* LaunchScreen.storyboard */ = {
			isa = PBXVariantGroup;
			children = (
				9FFA70EB2339F3480033589C /* Base */,
			);
			name = LaunchScreen.storyboard;
			sourceTree = "<group>";
		};
/* End PBXVariantGroup section */

/* Begin XCBuildConfiguration section */
		9FFA70EE2339F3480033589C /* Debug */ = {
			isa = XCBuildConfiguration;
			buildSettings = {
				ALWAYS_SEARCH_USER_PATHS = NO;
				CLANG_ANALYZER_NONNULL = YES;
				CLANG_ANALYZER_NUMBER_OBJECT_CONVERSION = YES_AGGRESSIVE;
				CLANG_CXX_LANGUAGE_STANDARD = "gnu++14";
				CLANG_CXX_LIBRARY = "libc++";
				CLANG_ENABLE_MODULES = YES;
				CLANG_ENABLE_OBJC_ARC = YES;
				CLANG_ENABLE_OBJC_WEAK = YES;
				CLANG_WARN_BLOCK_CAPTURE_AUTORELEASING = YES;
				CLANG_WARN_BOOL_CONVERSION = YES;
				CLANG_WARN_COMMA = YES;
				CLANG_WARN_CONSTANT_CONVERSION = YES;
				CLANG_WARN_DEPRECATED_OBJC_IMPLEMENTATIONS = YES;
				CLANG_WARN_DIRECT_OBJC_ISA_USAGE = YES_ERROR;
				CLANG_WARN_DOCUMENTATION_COMMENTS = YES;
				CLANG_WARN_EMPTY_BODY = YES;
				CLANG_WARN_ENUM_CONVERSION = YES;
				CLANG_WARN_INFINITE_RECURSION = YES;
				CLANG_WARN_INT_CONVERSION = YES;
				CLANG_WARN_NON_LITERAL_NULL_CONVERSION = YES;
				CLANG_WARN_OBJC_IMPLICIT_RETAIN_SELF = YES;
				CLANG_WARN_OBJC_LITERAL_CONVERSION = YES;
				CLANG_WARN_OBJC_ROOT_CLASS = YES_ERROR;
				CLANG_WARN_RANGE_LOOP_ANALYSIS = YES;
				CLANG_WARN_STRICT_PROTOTYPES = YES;
				CLANG_WARN_SUSPICIOUS_MOVE = YES;
				CLANG_WARN_UNGUARDED_AVAILABILITY = YES_AGGRESSIVE;
				CLANG_WARN_UNREACHABLE_CODE = YES;
				CLANG_WARN__DUPLICATE_METHOD_MATCH = YES;
				COPY_PHASE_STRIP = NO;
				DEBUG_INFORMATION_FORMAT = dwarf;
				ENABLE_STRICT_OBJC_MSGSEND = YES;
				ENABLE_TESTABILITY = YES;
				GCC_C_LANGUAGE_STANDARD = gnu11;
				GCC_DYNAMIC_NO_PIC = NO;
				GCC_NO_COMMON_BLOCKS = YES;
				GCC_OPTIMIZATION_LEVEL = 0;
				GCC_PREPROCESSOR_DEFINITIONS = (
					"DEBUG=1",
					"$(inherited)",
				);
				GCC_WARN_64_TO_32_BIT_CONVERSION = YES;
				GCC_WARN_ABOUT_RETURN_TYPE = YES_ERROR;
				GCC_WARN_UNDECLARED_SELECTOR = YES;
				GCC_WARN_UNINITIALIZED_AUTOS = YES_AGGRESSIVE;
				GCC_WARN_UNUSED_FUNCTION = YES;
				GCC_WARN_UNUSED_VARIABLE = YES;
				IPHONEOS_DEPLOYMENT_TARGET = 13.0;
				MTL_ENABLE_DEBUG_INFO = INCLUDE_SOURCE;
				MTL_FAST_MATH = YES;
				ONLY_ACTIVE_ARCH = YES;
				SDKROOT = iphoneos;
				SWIFT_ACTIVE_COMPILATION_CONDITIONS = DEBUG;
				SWIFT_OPTIMIZATION_LEVEL = "-Onone";
			};
			name = Debug;
		};
		9FFA70EF2339F3480033589C /* Release */ = {
			isa = XCBuildConfiguration;
			buildSettings = {
				ALWAYS_SEARCH_USER_PATHS = NO;
				CLANG_ANALYZER_NONNULL = YES;
				CLANG_ANALYZER_NUMBER_OBJECT_CONVERSION = YES_AGGRESSIVE;
				CLANG_CXX_LANGUAGE_STANDARD = "gnu++14";
				CLANG_CXX_LIBRARY = "libc++";
				CLANG_ENABLE_MODULES = YES;
				CLANG_ENABLE_OBJC_ARC = YES;
				CLANG_ENABLE_OBJC_WEAK = YES;
				CLANG_WARN_BLOCK_CAPTURE_AUTORELEASING = YES;
				CLANG_WARN_BOOL_CONVERSION = YES;
				CLANG_WARN_COMMA = YES;
				CLANG_WARN_CONSTANT_CONVERSION = YES;
				CLANG_WARN_DEPRECATED_OBJC_IMPLEMENTATIONS = YES;
				CLANG_WARN_DIRECT_OBJC_ISA_USAGE = YES_ERROR;
				CLANG_WARN_DOCUMENTATION_COMMENTS = YES;
				CLANG_WARN_EMPTY_BODY = YES;
				CLANG_WARN_ENUM_CONVERSION = YES;
				CLANG_WARN_INFINITE_RECURSION = YES;
				CLANG_WARN_INT_CONVERSION = YES;
				CLANG_WARN_NON_LITERAL_NULL_CONVERSION = YES;
				CLANG_WARN_OBJC_IMPLICIT_RETAIN_SELF = YES;
				CLANG_WARN_OBJC_LITERAL_CONVERSION = YES;
				CLANG_WARN_OBJC_ROOT_CLASS = YES_ERROR;
				CLANG_WARN_RANGE_LOOP_ANALYSIS = YES;
				CLANG_WARN_STRICT_PROTOTYPES = YES;
				CLANG_WARN_SUSPICIOUS_MOVE = YES;
				CLANG_WARN_UNGUARDED_AVAILABILITY = YES_AGGRESSIVE;
				CLANG_WARN_UNREACHABLE_CODE = YES;
				CLANG_WARN__DUPLICATE_METHOD_MATCH = YES;
				COPY_PHASE_STRIP = NO;
				DEBUG_INFORMATION_FORMAT = "dwarf-with-dsym";
				ENABLE_NS_ASSERTIONS = NO;
				ENABLE_STRICT_OBJC_MSGSEND = YES;
				GCC_C_LANGUAGE_STANDARD = gnu11;
				GCC_NO_COMMON_BLOCKS = YES;
				GCC_WARN_64_TO_32_BIT_CONVERSION = YES;
				GCC_WARN_ABOUT_RETURN_TYPE = YES_ERROR;
				GCC_WARN_UNDECLARED_SELECTOR = YES;
				GCC_WARN_UNINITIALIZED_AUTOS = YES_AGGRESSIVE;
				GCC_WARN_UNUSED_FUNCTION = YES;
				GCC_WARN_UNUSED_VARIABLE = YES;
				IPHONEOS_DEPLOYMENT_TARGET = 13.0;
				MTL_ENABLE_DEBUG_INFO = NO;
				MTL_FAST_MATH = YES;
				SDKROOT = iphoneos;
				SWIFT_COMPILATION_MODE = wholemodule;
				SWIFT_OPTIMIZATION_LEVEL = "-O";
				VALIDATE_PRODUCT = YES;
			};
			name = Release;
		};
		9FFA70F12339F3480033589C /* Debug */ = {
			isa = XCBuildConfiguration;
			buildSettings = {
				ASSETCATALOG_COMPILER_APPICON_NAME = AppIcon;
				CODE_SIGN_STYLE = Automatic;
				DEVELOPMENT_ASSET_PATHS = "\"SwiftUiDemo/Preview Content\"";
				ENABLE_PREVIEWS = YES;
				INFOPLIST_FILE = SwiftUiDemo/Info.plist;
				LD_RUNPATH_SEARCH_PATHS = (
					"$(inherited)",
					"@executable_path/Frameworks",
				);
				PRODUCT_BUNDLE_IDENTIFIER = com.solutionanalysts.SwiftUiDemo;
				PRODUCT_NAME = "$(TARGET_NAME)";
				SWIFT_VERSION = 5.0;
				TARGETED_DEVICE_FAMILY = "1,2";
			};
			name = Debug;
		};
		9FFA70F22339F3480033589C /* Release */ = {
			isa = XCBuildConfiguration;
			buildSettings = {
				ASSETCATALOG_COMPILER_APPICON_NAME = AppIcon;
				CODE_SIGN_STYLE = Automatic;
				DEVELOPMENT_ASSET_PATHS = "\"SwiftUiDemo/Preview Content\"";
				ENABLE_PREVIEWS = YES;
				INFOPLIST_FILE = SwiftUiDemo/Info.plist;
				LD_RUNPATH_SEARCH_PATHS = (
					"$(inherited)",
					"@executable_path/Frameworks",
				);
				PRODUCT_BUNDLE_IDENTIFIER = com.solutionanalysts.SwiftUiDemo;
				PRODUCT_NAME = "$(TARGET_NAME)";
				SWIFT_VERSION = 5.0;
				TARGETED_DEVICE_FAMILY = "1,2";
			};
			name = Release;
		};
/* End XCBuildConfiguration section */

/* Begin XCConfigurationList section */
		9FFA70D72339F3460033589C /* Build configuration list for PBXProject "SwiftUiDemo" */ = {
			isa = XCConfigurationList;
			buildConfigurations = (
				9FFA70EE2339F3480033589C /* Debug */,
				9FFA70EF2339F3480033589C /* Release */,
			);
			defaultConfigurationIsVisible = 0;
			defaultConfigurationName = Release;
		};
		9FFA70F02339F3480033589C /* Build configuration list for PBXNativeTarget "SwiftUiDemo" */ = {
			isa = XCConfigurationList;
			buildConfigurations = (
				9FFA70F12339F3480033589C /* Debug */,
				9FFA70F22339F3480033589C /* Release */,
			);
			defaultConfigurationIsVisible = 0;
			defaultConfigurationName = Release;
		};
/* End XCConfigurationList section */
	};
	rootObject = 9FFA70D42339F3460033589C /* Project object */;
}
